// !$*UTF8*$!
{
	archiveVersion = 1;
	classes = {
	};
	objectVersion = 60;
	objects = {

/* Begin PBXAggregateTarget section */
		BB30651020878608008A9AC8 /* SwiftLint */ = {
			isa = PBXAggregateTarget;
			buildConfigurationList = BB30651320878608008A9AC8 /* Build configuration list for PBXAggregateTarget "SwiftLint" */;
			buildPhases = (
				BB30651420878623008A9AC8 /* ShellScript */,
			);
			dependencies = (
			);
			name = SwiftLint;
			productName = SwiftLint;
		};
/* End PBXAggregateTarget section */

/* Begin PBXBuildFile section */
		BB063B2E1E8A93C900A25C3E /* KaraokeLyricsView.swift in Sources */ = {isa = PBXBuildFile; fileRef = BB063B2D1E8A93C900A25C3E /* KaraokeLyricsView.swift */; };
		BB0B296A1E7FBA2D00B1D6C9 /* PreferenceFilterViewController.swift in Sources */ = {isa = PBXBuildFile; fileRef = BB0B29691E7FBA2D00B1D6C9 /* PreferenceFilterViewController.swift */; };
		BB1B2FFD20E8780A002F1AF8 /* CFExtension.swift in Sources */ = {isa = PBXBuildFile; fileRef = BB1B2FFC20E8780A002F1AF8 /* CFExtension.swift */; };
		BB1B300320E878AE002F1AF8 /* StdExtension.swift in Sources */ = {isa = PBXBuildFile; fileRef = BB1B300220E878AE002F1AF8 /* StdExtension.swift */; };
		BB1B300520E87CC9002F1AF8 /* KaraokeLabel.swift in Sources */ = {isa = PBXBuildFile; fileRef = BB1B300420E87CC9002F1AF8 /* KaraokeLabel.swift */; };
		BB1B631B1E8CD7CA004CC9E0 /* ScrollLyricsView.swift in Sources */ = {isa = PBXBuildFile; fileRef = BB1B631A1E8CD7CA004CC9E0 /* ScrollLyricsView.swift */; };
		BB22681C234C9085008FAFED /* SwiftCF in Frameworks */ = {isa = PBXBuildFile; productRef = BB22681B234C9085008FAFED /* SwiftCF */; };
		BB4141AE1E458BA800A51775 /* AppDelegate.swift in Sources */ = {isa = PBXBuildFile; fileRef = BB4141AD1E458BA800A51775 /* AppDelegate.swift */; };
		BB4141B21E458BA800A51775 /* Assets.xcassets in Resources */ = {isa = PBXBuildFile; fileRef = BB4141B11E458BA800A51775 /* Assets.xcassets */; };
		BB4141B51E458BA900A51775 /* Main.storyboard in Resources */ = {isa = PBXBuildFile; fileRef = BB4141B31E458BA900A51775 /* Main.storyboard */; };
		BB4141C01E45B67800A51775 /* KaraokeLyricsController.swift in Sources */ = {isa = PBXBuildFile; fileRef = BB4141BF1E45B67800A51775 /* KaraokeLyricsController.swift */; };
		BB4318995BE753B13F5905AE /* MASShortcut in Frameworks */ = {isa = PBXBuildFile; productRef = BBF4ED4FCE3071A3AD7C22FA /* MASShortcut */; };
		BB458C63201C5F4500740C3B /* LyricsMetadata+Extension.swift in Sources */ = {isa = PBXBuildFile; fileRef = BB458C62201C5F4500740C3B /* LyricsMetadata+Extension.swift */; };
		BB4919361F00CD800054EA09 /* PreferenceShortcutViewController.swift in Sources */ = {isa = PBXBuildFile; fileRef = BB4919351F00CD800054EA09 /* PreferenceShortcutViewController.swift */; };
		BB58B07F1E82901800598D4F /* AutoActivateWindowController.swift in Sources */ = {isa = PBXBuildFile; fileRef = BB58B07E1E82901800598D4F /* AutoActivateWindowController.swift */; };
		BB58B0821E82971400598D4F /* UserDefaults.plist in Resources */ = {isa = PBXBuildFile; fileRef = BB58B0811E82971400598D4F /* UserDefaults.plist */; };
		BB58B0891E82CA9B00598D4F /* Credits.rtf in Resources */ = {isa = PBXBuildFile; fileRef = BB58B0881E82CA9B00598D4F /* Credits.rtf */; };
		BB5D4B2D2094A1D700844D9F /* FontSelectTextField.swift in Sources */ = {isa = PBXBuildFile; fileRef = BB5D4B2C2094A1D700844D9F /* FontSelectTextField.swift */; };
		BB6139741FCCFA6700CBD808 /* Preferences.storyboard in Resources */ = {isa = PBXBuildFile; fileRef = BB6139761FCCFA6700CBD808 /* Preferences.storyboard */; };
		BB7EC7B21E4E018C00A0AC3F /* LyricsHUDViewController.swift in Sources */ = {isa = PBXBuildFile; fileRef = BB7EC7B11E4E018C00A0AC3F /* LyricsHUDViewController.swift */; };
		BB89089E21ED69410078F522 /* Lyrics+Language.swift in Sources */ = {isa = PBXBuildFile; fileRef = BB89089D21ED69410078F522 /* Lyrics+Language.swift */; };
		BB902F39B088B3A1F1789C7E /* LyricsTranslator.swift in Sources */ = {isa = PBXBuildFile; fileRef = BB908CE73B1DAE742B0CC6DB /* LyricsTranslator.swift */; };
		BB947DFB23B4C60000C43BF2 /* SelectedPlayer.swift in Sources */ = {isa = PBXBuildFile; fileRef = BB947DFA23B4C60000C43BF2 /* SelectedPlayer.swift */; };
		BB9BCEBA1E843157001BC54B /* Extension.swift in Sources */ = {isa = PBXBuildFile; fileRef = BB9BCEB91E843157001BC54B /* Extension.swift */; };
		BB9C3D8323435A5700860698 /* MusicPlayer in Frameworks */ = {isa = PBXBuildFile; productRef = BB9C3D8223435A5700860698 /* MusicPlayer */; };
		BBB03F2D232FB3AF00A3879E /* GenericID in Frameworks */ = {isa = PBXBuildFile; productRef = BBB03F2C232FB3AF00A3879E /* GenericID */; };
		BBB03F3D2331DACD00A3879E /* LyricsKit in Frameworks */ = {isa = PBXBuildFile; productRef = BBB03F3C2331DACD00A3879E /* LyricsKit */; };
		BBB9AAE31E57EE880078F91A /* SearchLyricsViewController.swift in Sources */ = {isa = PBXBuildFile; fileRef = BBB9AAE21E57EE880078F91A /* SearchLyricsViewController.swift */; };
		BBC1D35B1E485BA7002538A2 /* AppController.swift in Sources */ = {isa = PBXBuildFile; fileRef = BBC1D35A1E485BA7002538A2 /* AppController.swift */; };
		BBC1D35F1E499A6D002538A2 /* Global.swift in Sources */ = {isa = PBXBuildFile; fileRef = BBC1D35E1E499A6D002538A2 /* Global.swift */; };
		BBC1D5801E4AE3B9008869EC /* MenuBarLyricsController.swift in Sources */ = {isa = PBXBuildFile; fileRef = BBC1D57F1E4AE3B9008869EC /* MenuBarLyricsController.swift */; };
		BBC1D5911E4C80FC008869EC /* PreferenceDisplayViewController.swift in Sources */ = {isa = PBXBuildFile; fileRef = BBC1D5901E4C80FC008869EC /* PreferenceDisplayViewController.swift */; };
		BBC7C5551E6AE28600E3EC4F /* PreferenceGeneralViewController.swift in Sources */ = {isa = PBXBuildFile; fileRef = BBC7C5541E6AE28600E3EC4F /* PreferenceGeneralViewController.swift */; };
		BBD03C371E9B2C7200EFB975 /* DragNDropView.swift in Sources */ = {isa = PBXBuildFile; fileRef = BBD03C361E9B2C7200EFB975 /* DragNDropView.swift */; };
		BBE2A79824041E36004A7E93 /* CombineExtension.swift in Sources */ = {isa = PBXBuildFile; fileRef = BBE2A79724041E36004A7E93 /* CombineExtension.swift */; };
		BBE8FC751F6BEA6200122AFA /* Then.swift in Sources */ = {isa = PBXBuildFile; fileRef = BBE8FC741F6BEA6200122AFA /* Then.swift */; };
		E91F76EB21211B8D00755698 /* PreferenceViewController.swift in Sources */ = {isa = PBXBuildFile; fileRef = E91F76EA21211B8D00755698 /* PreferenceViewController.swift */; };
		E9EBDA2521115A150019FDF9 /* Observation.swift in Sources */ = {isa = PBXBuildFile; fileRef = E9EBDA2421115A150019FDF9 /* Observation.swift */; };
		6E57B6C02AA29CE1945B6B73 /* env.m in Sources */ = {isa = PBXBuildFile; fileRef = 7A9ECFEFE61577426A4FA0AB /* env.m */; };
		5B730B8B55AD5F04780E51E6 /* get.m in Sources */ = {isa = PBXBuildFile; fileRef = F0115D54C5FEEDB08EC31961 /* get.m */; };
		B485F2C48CC524DA771E84B9 /* globals.m in Sources */ = {isa = PBXBuildFile; fileRef = D3DB7E3759CFE928AB9EEB71 /* globals.m */; };
		BE586FFB83D1A752A19523E8 /* keys.m in Sources */ = {isa = PBXBuildFile; fileRef = 148504DB63D5FC2D8525F816 /* keys.m */; };
		1B5DC2DBFD51E7CB3071A455 /* now_playing.m in Sources */ = {isa = PBXBuildFile; fileRef = 6376393B491232483E64527D /* now_playing.m */; };
		03FC5178463EA8796150F3CC /* repeat.m in Sources */ = {isa = PBXBuildFile; fileRef = 0803A31F183E436AE4C5B76D /* repeat.m */; };
		17A8B2A7E116303B592A36A6 /* seek.m in Sources */ = {isa = PBXBuildFile; fileRef = 209BDFCEE6E119AD4B05D8E8 /* seek.m */; };
		A8B94F77F70A2DE5D8AE1C50 /* send.m in Sources */ = {isa = PBXBuildFile; fileRef = 0FCD49B496E720309FFA16A3 /* send.m */; };
		11A9BF97B904BD687F0A60E1 /* shuffle.m in Sources */ = {isa = PBXBuildFile; fileRef = E19F3E30CF611EDCDDA7EA5B /* shuffle.m */; };
		58487931610B45D53CBA5F36 /* speed.m in Sources */ = {isa = PBXBuildFile; fileRef = 7DDFA115E956AD69B169A992 /* speed.m */; };
		6CAE32815015D31979E3AB43 /* stream.m in Sources */ = {isa = PBXBuildFile; fileRef = 1A171B7E82621D6CFD94543F /* stream.m */; };
		EC494839F1BCC1F14C970EAB /* test.m in Sources */ = {isa = PBXBuildFile; fileRef = 4115AC98ACC5BAF721A975A5 /* test.m */; };
		06650F0455DB7B27A76BDCA8 /* MediaRemote.m in Sources */ = {isa = PBXBuildFile; fileRef = 684B35AB6A7947B2FF06E2A9 /* MediaRemote.m */; };
		CB748C0F1EFAD42C32085135 /* Debounce.m in Sources */ = {isa = PBXBuildFile; fileRef = 256894A2AA7FD31B46C4B69C /* Debounce.m */; };
		8ADB2C2ED8F8CEB78F1A9C94 /* helpers.m in Sources */ = {isa = PBXBuildFile; fileRef = 365A75CF362E39CB60D7B038 /* helpers.m */; };
		BD558F52C8D9188DE00EE088 /* LICENSE in Resources */ = {isa = PBXBuildFile; fileRef = D905ED930A8682E86DADE5FA /* LICENSE */; };
		C719D161396A55EBA7EE6E25 /* mediaremote-adapter.pl in Resources */ = {isa = PBXBuildFile; fileRef = E1D49A1DD0C2E40F5FE67DD6 /* mediaremote-adapter.pl */; };
		250BC4BE0ABB467679146307 /* MediaRemoteAdapter.framework in Embed MediaRemoteAdapter */ = {isa = PBXBuildFile; fileRef = F385DAC38DEB5B06C2AD69BD /* MediaRemoteAdapter.framework */; settings = {ATTRIBUTES = (CodeSignOnCopy, RemoveHeadersOnCopy, ); }; };
/* End PBXBuildFile section */

/* Begin PBXContainerItemProxy section */
		E371955AE31BC4B5F045800E /* PBXContainerItemProxy */ = {
			isa = PBXContainerItemProxy;
			containerPortal = BB4141A21E458BA800A51775 /* Project object */;
			proxyType = 1;
			remoteGlobalIDString = E98D7EB84FFBCE6406B77EC6;
			remoteInfo = MediaRemoteAdapter;
		};
/* End PBXContainerItemProxy section */

/* Begin PBXCopyFilesBuildPhase section */
		BCE7E4146ACA245B794DA853 /* Embed MediaRemoteAdapter */ = {
			isa = PBXCopyFilesBuildPhase;
			buildActionMask = 2147483647;
			dstPath = "";
			dstSubfolderSpec = 10;
			files = (
				250BC4BE0ABB467679146307 /* MediaRemoteAdapter.framework in Embed MediaRemoteAdapter */,
			);
			name = "Embed MediaRemoteAdapter";
			runOnlyForDeploymentPostprocessing = 0;
		};
/* End PBXCopyFilesBuildPhase section */

/* Begin PBXFileReference section */
		BB063B2D1E8A93C900A25C3E /* KaraokeLyricsView.swift */ = {isa = PBXFileReference; fileEncoding = 4; lastKnownFileType = sourcecode.swift; path = KaraokeLyricsView.swift; sourceTree = "<group>"; };
		BB0B29691E7FBA2D00B1D6C9 /* PreferenceFilterViewController.swift */ = {isa = PBXFileReference; fileEncoding = 4; lastKnownFileType = sourcecode.swift; path = PreferenceFilterViewController.swift; sourceTree = "<group>"; };
		BB1B2FFC20E8780A002F1AF8 /* CFExtension.swift */ = {isa = PBXFileReference; lastKnownFileType = sourcecode.swift; path = CFExtension.swift; sourceTree = "<group>"; };
		BB1B300220E878AE002F1AF8 /* StdExtension.swift */ = {isa = PBXFileReference; lastKnownFileType = sourcecode.swift; path = StdExtension.swift; sourceTree = "<group>"; };
		BB1B300420E87CC9002F1AF8 /* KaraokeLabel.swift */ = {isa = PBXFileReference; lastKnownFileType = sourcecode.swift; path = KaraokeLabel.swift; sourceTree = "<group>"; };
		BB1B631A1E8CD7CA004CC9E0 /* ScrollLyricsView.swift */ = {isa = PBXFileReference; fileEncoding = 4; lastKnownFileType = sourcecode.swift; path = ScrollLyricsView.swift; sourceTree = "<group>"; };
		BB4141AA1E458BA800A51775 /* LyricsX.app */ = {isa = PBXFileReference; explicitFileType = wrapper.application; includeInIndex = 0; path = LyricsX.app; sourceTree = BUILT_PRODUCTS_DIR; };
		BB4141AD1E458BA800A51775 /* AppDelegate.swift */ = {isa = PBXFileReference; lastKnownFileType = sourcecode.swift; path = AppDelegate.swift; sourceTree = "<group>"; };
		BB4141B11E458BA800A51775 /* Assets.xcassets */ = {isa = PBXFileReference; lastKnownFileType = folder.assetcatalog; name = Assets.xcassets; path = ../Assets.xcassets; sourceTree = "<group>"; };
		BB4141B41E458BA900A51775 /* Base */ = {isa = PBXFileReference; lastKnownFileType = file.storyboard; name = Base; path = Base.lproj/Main.storyboard; sourceTree = "<group>"; };
		BB4141B61E458BA900A51775 /* Info.plist */ = {isa = PBXFileReference; lastKnownFileType = text.plist.xml; path = Info.plist; sourceTree = "<group>"; };
		BB4141BF1E45B67800A51775 /* KaraokeLyricsController.swift */ = {isa = PBXFileReference; fileEncoding = 4; lastKnownFileType = sourcecode.swift; path = KaraokeLyricsController.swift; sourceTree = "<group>"; };
		BB458C62201C5F4500740C3B /* LyricsMetadata+Extension.swift */ = {isa = PBXFileReference; lastKnownFileType = sourcecode.swift; path = "LyricsMetadata+Extension.swift"; sourceTree = "<group>"; };
		BB4919351F00CD800054EA09 /* PreferenceShortcutViewController.swift */ = {isa = PBXFileReference; fileEncoding = 4; lastKnownFileType = sourcecode.swift; path = PreferenceShortcutViewController.swift; sourceTree = "<group>"; };
		BB58B07E1E82901800598D4F /* AutoActivateWindowController.swift */ = {isa = PBXFileReference; fileEncoding = 4; lastKnownFileType = sourcecode.swift; path = AutoActivateWindowController.swift; sourceTree = "<group>"; };
		BB58B0811E82971400598D4F /* UserDefaults.plist */ = {isa = PBXFileReference; fileEncoding = 4; lastKnownFileType = text.plist.xml; path = UserDefaults.plist; sourceTree = "<group>"; };
		BB58B0881E82CA9B00598D4F /* Credits.rtf */ = {isa = PBXFileReference; fileEncoding = 4; lastKnownFileType = text.rtf; path = Credits.rtf; sourceTree = "<group>"; };
		BB5D4B2C2094A1D700844D9F /* FontSelectTextField.swift */ = {isa = PBXFileReference; lastKnownFileType = sourcecode.swift; path = FontSelectTextField.swift; sourceTree = "<group>"; };
		BB6139751FCCFA6700CBD808 /* Base */ = {isa = PBXFileReference; lastKnownFileType = file.storyboard; name = Base; path = Base.lproj/Preferences.storyboard; sourceTree = "<group>"; };
		BB7EC7B11E4E018C00A0AC3F /* LyricsHUDViewController.swift */ = {isa = PBXFileReference; fileEncoding = 4; lastKnownFileType = sourcecode.swift; path = LyricsHUDViewController.swift; sourceTree = "<group>"; };
		BB89089D21ED69410078F522 /* Lyrics+Language.swift */ = {isa = PBXFileReference; lastKnownFileType = sourcecode.swift; path = "Lyrics+Language.swift"; sourceTree = "<group>"; };
		BB908CE73B1DAE742B0CC6DB /* LyricsTranslator.swift */ = {isa = PBXFileReference; lastKnownFileType = sourcecode.swift; path = LyricsTranslator.swift; sourceTree = "<group>"; };
		BB947DFA23B4C60000C43BF2 /* SelectedPlayer.swift */ = {isa = PBXFileReference; lastKnownFileType = sourcecode.swift; path = SelectedPlayer.swift; sourceTree = "<group>"; };
		BB9BCEB81E84120D001BC54B /* LyricsX.entitlements */ = {isa = PBXFileReference; lastKnownFileType = text.plist.entitlements; path = LyricsX.entitlements; sourceTree = "<group>"; };
		BB9BCEB91E843157001BC54B /* Extension.swift */ = {isa = PBXFileReference; fileEncoding = 4; lastKnownFileType = sourcecode.swift; path = Extension.swift; sourceTree = "<group>"; };
		BBB9AAE21E57EE880078F91A /* SearchLyricsViewController.swift */ = {isa = PBXFileReference; fileEncoding = 4; lastKnownFileType = sourcecode.swift; path = SearchLyricsViewController.swift; sourceTree = "<group>"; };
		BBC1D35A1E485BA7002538A2 /* AppController.swift */ = {isa = PBXFileReference; fileEncoding = 4; lastKnownFileType = sourcecode.swift; path = AppController.swift; sourceTree = "<group>"; };
		BBC1D35E1E499A6D002538A2 /* Global.swift */ = {isa = PBXFileReference; fileEncoding = 4; lastKnownFileType = sourcecode.swift; path = Global.swift; sourceTree = "<group>"; };
		BBC1D57F1E4AE3B9008869EC /* MenuBarLyricsController.swift */ = {isa = PBXFileReference; fileEncoding = 4; lastKnownFileType = sourcecode.swift; path = MenuBarLyricsController.swift; sourceTree = "<group>"; };
		BBC1D5901E4C80FC008869EC /* PreferenceDisplayViewController.swift */ = {isa = PBXFileReference; fileEncoding = 4; lastKnownFileType = sourcecode.swift; path = PreferenceDisplayViewController.swift; sourceTree = "<group>"; };
		BBC7C5541E6AE28600E3EC4F /* PreferenceGeneralViewController.swift */ = {isa = PBXFileReference; fileEncoding = 4; lastKnownFileType = sourcecode.swift; path = PreferenceGeneralViewController.swift; sourceTree = "<group>"; };
		BBD03C361E9B2C7200EFB975 /* DragNDropView.swift */ = {isa = PBXFileReference; fileEncoding = 4; lastKnownFileType = sourcecode.swift; path = DragNDropView.swift; sourceTree = "<group>"; };
		BBE2A79724041E36004A7E93 /* CombineExtension.swift */ = {isa = PBXFileReference; lastKnownFileType = sourcecode.swift; path = CombineExtension.swift; sourceTree = "<group>"; };
		BBE8FC741F6BEA6200122AFA /* Then.swift */ = {isa = PBXFileReference; lastKnownFileType = sourcecode.swift; path = Then.swift; sourceTree = "<group>"; };
		E91F76EA21211B8D00755698 /* PreferenceViewController.swift */ = {isa = PBXFileReference; lastKnownFileType = sourcecode.swift; path = PreferenceViewController.swift; sourceTree = "<group>"; };
		E9EBDA2421115A150019FDF9 /* Observation.swift */ = {isa = PBXFileReference; lastKnownFileType = sourcecode.swift; path = Observation.swift; sourceTree = "<group>"; };
		37AF7E54C76AB379F162F3F3 /* env.h */ = {isa = PBXFileReference; lastKnownFileType = sourcecode.c.h; path = env.h; sourceTree = "<group>"; };
		7A9ECFEFE61577426A4FA0AB /* env.m */ = {isa = PBXFileReference; lastKnownFileType = sourcecode.c.objc; path = env.m; sourceTree = "<group>"; };
		EE1124F3E8FC60A5993A70E3 /* get.h */ = {isa = PBXFileReference; lastKnownFileType = sourcecode.c.h; path = get.h; sourceTree = "<group>"; };
		F0115D54C5FEEDB08EC31961 /* get.m */ = {isa = PBXFileReference; lastKnownFileType = sourcecode.c.objc; path = get.m; sourceTree = "<group>"; };
		4A6B3920A69C825DFA527007 /* globals.h */ = {isa = PBXFileReference; lastKnownFileType = sourcecode.c.h; path = globals.h; sourceTree = "<group>"; };
		D3DB7E3759CFE928AB9EEB71 /* globals.m */ = {isa = PBXFileReference; lastKnownFileType = sourcecode.c.objc; path = globals.m; sourceTree = "<group>"; };
		13310FDB63BC9914807E31A1 /* keys.h */ = {isa = PBXFileReference; lastKnownFileType = sourcecode.c.h; path = keys.h; sourceTree = "<group>"; };
		148504DB63D5FC2D8525F816 /* keys.m */ = {isa = PBXFileReference; lastKnownFileType = sourcecode.c.objc; path = keys.m; sourceTree = "<group>"; };
		FF3E08AE46E24A26CDA5169E /* now_playing.h */ = {isa = PBXFileReference; lastKnownFileType = sourcecode.c.h; path = now_playing.h; sourceTree = "<group>"; };
		6376393B491232483E64527D /* now_playing.m */ = {isa = PBXFileReference; lastKnownFileType = sourcecode.c.objc; path = now_playing.m; sourceTree = "<group>"; };
		0803A31F183E436AE4C5B76D /* repeat.m */ = {isa = PBXFileReference; lastKnownFileType = sourcecode.c.objc; path = repeat.m; sourceTree = "<group>"; };
		209BDFCEE6E119AD4B05D8E8 /* seek.m */ = {isa = PBXFileReference; lastKnownFileType = sourcecode.c.objc; path = seek.m; sourceTree = "<group>"; };
		0FCD49B496E720309FFA16A3 /* send.m */ = {isa = PBXFileReference; lastKnownFileType = sourcecode.c.objc; path = send.m; sourceTree = "<group>"; };
		E19F3E30CF611EDCDDA7EA5B /* shuffle.m */ = {isa = PBXFileReference; lastKnownFileType = sourcecode.c.objc; path = shuffle.m; sourceTree = "<group>"; };
		7DDFA115E956AD69B169A992 /* speed.m */ = {isa = PBXFileReference; lastKnownFileType = sourcecode.c.objc; path = speed.m; sourceTree = "<group>"; };
		1A171B7E82621D6CFD94543F /* stream.m */ = {isa = PBXFileReference; lastKnownFileType = sourcecode.c.objc; path = stream.m; sourceTree = "<group>"; };
		4115AC98ACC5BAF721A975A5 /* test.m */ = {isa = PBXFileReference; lastKnownFileType = sourcecode.c.objc; path = test.m; sourceTree = "<group>"; };
		08BCB6192D43C5100EAAE28B /* MediaRemoteAdapter.h */ = {isa = PBXFileReference; lastKnownFileType = sourcecode.c.h; path = MediaRemoteAdapter.h; sourceTree = "<group>"; };
		A94D99B1B0CBE37B067F0DCB /* MediaRemote.h */ = {isa = PBXFileReference; lastKnownFileType = sourcecode.c.h; path = MediaRemote.h; sourceTree = "<group>"; };
		684B35AB6A7947B2FF06E2A9 /* MediaRemote.m */ = {isa = PBXFileReference; lastKnownFileType = sourcecode.c.objc; path = MediaRemote.m; sourceTree = "<group>"; };
		E4453D7A6D23404B01783A8E /* NowPlayingTest.h */ = {isa = PBXFileReference; lastKnownFileType = sourcecode.c.h; path = NowPlayingTest.h; sourceTree = "<group>"; };
		FB47A44D2A8CBF2067960B3D /* Debounce.h */ = {isa = PBXFileReference; lastKnownFileType = sourcecode.c.h; path = Debounce.h; sourceTree = "<group>"; };
		256894A2AA7FD31B46C4B69C /* Debounce.m */ = {isa = PBXFileReference; lastKnownFileType = sourcecode.c.objc; path = Debounce.m; sourceTree = "<group>"; };
		40178301C0F7C55EA1267B93 /* helpers.h */ = {isa = PBXFileReference; lastKnownFileType = sourcecode.c.h; path = helpers.h; sourceTree = "<group>"; };
		365A75CF362E39CB60D7B038 /* helpers.m */ = {isa = PBXFileReference; lastKnownFileType = sourcecode.c.objc; path = helpers.m; sourceTree = "<group>"; };
		D905ED930A8682E86DADE5FA /* LICENSE */ = {isa = PBXFileReference; lastKnownFileType = text; path = LICENSE; sourceTree = "<group>"; };
		E1D49A1DD0C2E40F5FE67DD6 /* mediaremote-adapter.pl */ = {isa = PBXFileReference; lastKnownFileType = text.script.perl; path = "mediaremote-adapter.pl"; sourceTree = "<group>"; };
		F385DAC38DEB5B06C2AD69BD /* MediaRemoteAdapter.framework */ = {isa = PBXFileReference; explicitFileType = wrapper.framework; includeInIndex = 0; path = MediaRemoteAdapter.framework; sourceTree = BUILT_PRODUCTS_DIR; };
/* End PBXFileReference section */

/* Begin PBXFrameworksBuildPhase section */
		BB4141A71E458BA800A51775 /* Frameworks */ = {
			isa = PBXFrameworksBuildPhase;
			buildActionMask = 2147483647;
			files = (
				BB9C3D8323435A5700860698 /* MusicPlayer in Frameworks */,
				BB4318995BE753B13F5905AE /* MASShortcut in Frameworks */,
				BB22681C234C9085008FAFED /* SwiftCF in Frameworks */,
				BBB03F2D232FB3AF00A3879E /* GenericID in Frameworks */,
				BBB03F3D2331DACD00A3879E /* LyricsKit in Frameworks */,
			);
			runOnlyForDeploymentPostprocessing = 0;
		};
		C641AAA50722A85F2BF0939A /* Frameworks */ = {
			isa = PBXFrameworksBuildPhase;
			buildActionMask = 2147483647;
			files = (
			);
			runOnlyForDeploymentPostprocessing = 0;
		};
/* End PBXFrameworksBuildPhase section */

/* Begin PBXGroup section */
		BB063B2F1E8A93CE00A25C3E /* View */ = {
			isa = PBXGroup;
			children = (
				BB063B2D1E8A93C900A25C3E /* KaraokeLyricsView.swift */,
				BB1B300420E87CC9002F1AF8 /* KaraokeLabel.swift */,
				BB1B631A1E8CD7CA004CC9E0 /* ScrollLyricsView.swift */,
				BBD03C361E9B2C7200EFB975 /* DragNDropView.swift */,
				BB5D4B2C2094A1D700844D9F /* FontSelectTextField.swift */,
			);
			path = View;
			sourceTree = "<group>";
		};
		BB4141A11E458BA800A51775 = {
			isa = PBXGroup;
			children = (
				BB4141AC1E458BA800A51775 /* LyricsX */,
				131DA48BDAB6B5F300CFA79B /* MediaRemoteAdapter */,
				BB4141AB1E458BA800A51775 /* Products */,
			);
			sourceTree = "<group>";
		};
		BB4141AB1E458BA800A51775 /* Products */ = {
			isa = PBXGroup;
			children = (
				BB4141AA1E458BA800A51775 /* LyricsX.app */,
				F385DAC38DEB5B06C2AD69BD /* MediaRemoteAdapter.framework */,
			);
			name = Products;
			sourceTree = "<group>";
		};
		BB4141AC1E458BA800A51775 /* LyricsX */ = {
			isa = PBXGroup;
			children = (
				BB4141B31E458BA900A51775 /* Main.storyboard */,
				BB6139761FCCFA6700CBD808 /* Preferences.storyboard */,
				E9C49A8E2110490700159ADC /* Component */,
				BB063B2F1E8A93CE00A25C3E /* View */,
				BB7EC7B41E4ECFFB00A0AC3F /* Controller */,
				BB7EC7B61E4ED03900A0AC3F /* Utility */,
				BB4141BC1E45B26800A51775 /* Supporting Files */,
			);
			path = LyricsX;
			sourceTree = "<group>";
		};
		BB4141BC1E45B26800A51775 /* Supporting Files */ = {
			isa = PBXGroup;
			children = (
				BB4141B11E458BA800A51775 /* Assets.xcassets */,
				BB9BCEB81E84120D001BC54B /* LyricsX.entitlements */,
				BB4141B61E458BA900A51775 /* Info.plist */,
				BB58B0811E82971400598D4F /* UserDefaults.plist */,
				BB58B0881E82CA9B00598D4F /* Credits.rtf */,
			);
			path = "Supporting Files";
			sourceTree = "<group>";
		};
		BB7EC7B41E4ECFFB00A0AC3F /* Controller */ = {
			isa = PBXGroup;
			children = (
				BBC7C5561E6AEA4500E3EC4F /* Preferences */,
				BB4141BF1E45B67800A51775 /* KaraokeLyricsController.swift */,
				BBC1D57F1E4AE3B9008869EC /* MenuBarLyricsController.swift */,
				BB58B07E1E82901800598D4F /* AutoActivateWindowController.swift */,
				BB7EC7B11E4E018C00A0AC3F /* LyricsHUDViewController.swift */,
				BBB9AAE21E57EE880078F91A /* SearchLyricsViewController.swift */,
			);
			path = Controller;
			sourceTree = "<group>";
		};
		BB7EC7B61E4ED03900A0AC3F /* Utility */ = {
			isa = PBXGroup;
			children = (
				BBC1D35E1E499A6D002538A2 /* Global.swift */,
				BB9BCEB91E843157001BC54B /* Extension.swift */,
				BBE2A79724041E36004A7E93 /* CombineExtension.swift */,
				BB1B300220E878AE002F1AF8 /* StdExtension.swift */,
				BB1B2FFC20E8780A002F1AF8 /* CFExtension.swift */,
				E9EBDA2421115A150019FDF9 /* Observation.swift */,
				BBE8FC741F6BEA6200122AFA /* Then.swift */,
			);
			path = Utility;
			sourceTree = "<group>";
		};
		BBC7C5561E6AEA4500E3EC4F /* Preferences */ = {
			isa = PBXGroup;
			children = (
				E91F76EA21211B8D00755698 /* PreferenceViewController.swift */,
				BBC7C5541E6AE28600E3EC4F /* PreferenceGeneralViewController.swift */,
				BBC1D5901E4C80FC008869EC /* PreferenceDisplayViewController.swift */,
				BB4919351F00CD800054EA09 /* PreferenceShortcutViewController.swift */,
				BB0B29691E7FBA2D00B1D6C9 /* PreferenceFilterViewController.swift */,
			);
			path = Preferences;
			sourceTree = "<group>";
		};
		E9C49A8E2110490700159ADC /* Component */ = {
			isa = PBXGroup;
			children = (
				BB4141AD1E458BA800A51775 /* AppDelegate.swift */,
				BBC1D35A1E485BA7002538A2 /* AppController.swift */,
				BB947DFA23B4C60000C43BF2 /* SelectedPlayer.swift */,
				BB458C62201C5F4500740C3B /* LyricsMetadata+Extension.swift */,
				BB89089D21ED69410078F522 /* Lyrics+Language.swift */,
				BB908CE73B1DAE742B0CC6DB /* LyricsTranslator.swift */,
			);
			path = Component;
			sourceTree = "<group>";
		};
		131DA48BDAB6B5F300CFA79B /* MediaRemoteAdapter */ = {
			isa = PBXGroup;
			children = (
				7B1AEFB0CE1DC7F98D0253B9 /* adapter */,
				F5D977B4D6F88D9515951549 /* include */,
				4E5DBDE093C901C5614F7758 /* private */,
				48C06F53884AC8857B15BA96 /* test */,
				9592190B65904D897EF08F7C /* utility */,
				D905ED930A8682E86DADE5FA /* LICENSE */,
				E1D49A1DD0C2E40F5FE67DD6 /* mediaremote-adapter.pl */,
			);
			path = MediaRemoteAdapter;
			sourceTree = "<group>";
		};
		7B1AEFB0CE1DC7F98D0253B9 /* adapter */ = {
			isa = PBXGroup;
			children = (
				37AF7E54C76AB379F162F3F3 /* env.h */,
				7A9ECFEFE61577426A4FA0AB /* env.m */,
				EE1124F3E8FC60A5993A70E3 /* get.h */,
				F0115D54C5FEEDB08EC31961 /* get.m */,
				4A6B3920A69C825DFA527007 /* globals.h */,
				D3DB7E3759CFE928AB9EEB71 /* globals.m */,
				13310FDB63BC9914807E31A1 /* keys.h */,
				148504DB63D5FC2D8525F816 /* keys.m */,
				FF3E08AE46E24A26CDA5169E /* now_playing.h */,
				6376393B491232483E64527D /* now_playing.m */,
				0803A31F183E436AE4C5B76D /* repeat.m */,
				209BDFCEE6E119AD4B05D8E8 /* seek.m */,
				0FCD49B496E720309FFA16A3 /* send.m */,
				E19F3E30CF611EDCDDA7EA5B /* shuffle.m */,
				7DDFA115E956AD69B169A992 /* speed.m */,
				1A171B7E82621D6CFD94543F /* stream.m */,
				4115AC98ACC5BAF721A975A5 /* test.m */,
			);
			path = adapter;
			sourceTree = "<group>";
		};
		F5D977B4D6F88D9515951549 /* include */ = {
			isa = PBXGroup;
			children = (
				08BCB6192D43C5100EAAE28B /* MediaRemoteAdapter.h */,
			);
			path = include;
			sourceTree = "<group>";
		};
		4E5DBDE093C901C5614F7758 /* private */ = {
			isa = PBXGroup;
			children = (
				A94D99B1B0CBE37B067F0DCB /* MediaRemote.h */,
				684B35AB6A7947B2FF06E2A9 /* MediaRemote.m */,
			);
			path = private;
			sourceTree = "<group>";
		};
		48C06F53884AC8857B15BA96 /* test */ = {
			isa = PBXGroup;
			children = (
				E4453D7A6D23404B01783A8E /* NowPlayingTest.h */,
			);
			path = test;
			sourceTree = "<group>";
		};
		9592190B65904D897EF08F7C /* utility */ = {
			isa = PBXGroup;
			children = (
				FB47A44D2A8CBF2067960B3D /* Debounce.h */,
				256894A2AA7FD31B46C4B69C /* Debounce.m */,
				40178301C0F7C55EA1267B93 /* helpers.h */,
				365A75CF362E39CB60D7B038 /* helpers.m */,
			);
			path = utility;
			sourceTree = "<group>";
		};
/* End PBXGroup section */

/* Begin PBXNativeTarget section */
		BB4141A91E458BA800A51775 /* LyricsX */ = {
			isa = PBXNativeTarget;
			buildConfigurationList = BB4141B91E458BA900A51775 /* Build configuration list for PBXNativeTarget "LyricsX" */;
			buildPhases = (
				BB4141A61E458BA800A51775 /* Sources */,
				BB4141A71E458BA800A51775 /* Frameworks */,
				BB4141A81E458BA800A51775 /* Resources */,
				BCE7E4146ACA245B794DA853 /* Embed MediaRemoteAdapter */,
			);
			buildRules = (
			);
			dependencies = (
				7529D933D1EDA6DEB0673830 /* PBXTargetDependency */,
			);
			name = LyricsX;
			packageProductDependencies = (
				BBB03F2C232FB3AF00A3879E /* GenericID */,
				BBB03F3C2331DACD00A3879E /* LyricsKit */,
				BB9C3D8223435A5700860698 /* MusicPlayer */,
				BB22681B234C9085008FAFED /* SwiftCF */,
				BBF4ED4FCE3071A3AD7C22FA /* MASShortcut */,
			);
			productName = LyricsX;
			productReference = BB4141AA1E458BA800A51775 /* LyricsX.app */;
			productType = "com.apple.product-type.application";
		};
		E98D7EB84FFBCE6406B77EC6 /* MediaRemoteAdapter */ = {
			isa = PBXNativeTarget;
			buildConfigurationList = 9B502946567ADD724897F498 /* Build configuration list for PBXNativeTarget "MediaRemoteAdapter" */;
			buildPhases = (
				5C5A11CD5FAADFE6E1555D95 /* Sources */,
				C641AAA50722A85F2BF0939A /* Frameworks */,
				B0483DF6396B974DFA9FF72B /* Resources */,
			);
			buildRules = (
			);
			dependencies = (
			);
			name = MediaRemoteAdapter;
			productName = MediaRemoteAdapter;
			productReference = F385DAC38DEB5B06C2AD69BD /* MediaRemoteAdapter.framework */;
			productType = "com.apple.product-type.framework";
		};
/* End PBXNativeTarget section */

/* Begin PBXProject section */
		BB4141A21E458BA800A51775 /* Project object */ = {
			isa = PBXProject;
			attributes = {
				LastSwiftUpdateCheck = 0820;
				LastUpgradeCheck = 1200;
				ORGANIZATIONNAME = ddddxxx;
				TargetAttributes = {
					BB30651020878608008A9AC8 = {
						CreatedOnToolsVersion = 9.3;
					};
					BB4141A91E458BA800A51775 = {
						CreatedOnToolsVersion = 8.2.1;
						LastSwiftMigration = 1020;
						ProvisioningStyle = Manual;
						SystemCapabilities = {
							com.apple.HardenedRuntime = {
								enabled = 0;
							};
							com.apple.Sandbox = {
								enabled = 1;
							};
						};
					};
				};
			};
			buildConfigurationList = BB4141A51E458BA800A51775 /* Build configuration list for PBXProject "LyricsX" */;
			compatibilityVersion = "Xcode 3.2";
			developmentRegion = en;
			hasScannedForEncodings = 0;
			knownRegions = (
				en,
				Base,
			);
			mainGroup = BB4141A11E458BA800A51775;
			packageReferences = (
				BBB03F2B232FB3AF00A3879E /* XCRemoteSwiftPackageReference "GenericID" */,
				BBB03F3B2331DACD00A3879E /* XCLocalSwiftPackageReference "LyricsKit" */,
				BB9C3D8123435A5700860698 /* XCLocalSwiftPackageReference "MusicPlayer" */,
				BB22681A234C9085008FAFED /* XCRemoteSwiftPackageReference "SwiftCF" */,
				BB911C68EDE2BC816E3F9579 /* XCRemoteSwiftPackageReference "MASShortcut" */,
			);
			productRefGroup = BB4141AB1E458BA800A51775 /* Products */;
			projectDirPath = "";
			projectRoot = "";
			targets = (
				BB4141A91E458BA800A51775 /* LyricsX */,
				E98D7EB84FFBCE6406B77EC6 /* MediaRemoteAdapter */,
				BB30651020878608008A9AC8 /* SwiftLint */,
			);
		};
/* End PBXProject section */

/* Begin PBXResourcesBuildPhase section */
		BB4141A81E458BA800A51775 /* Resources */ = {
			isa = PBXResourcesBuildPhase;
			buildActionMask = 2147483647;
			files = (
				BB6139741FCCFA6700CBD808 /* Preferences.storyboard in Resources */,
				BB4141B21E458BA800A51775 /* Assets.xcassets in Resources */,
				BB58B0821E82971400598D4F /* UserDefaults.plist in Resources */,
				BB4141B51E458BA900A51775 /* Main.storyboard in Resources */,
				BB58B0891E82CA9B00598D4F /* Credits.rtf in Resources */,
			);
			runOnlyForDeploymentPostprocessing = 0;
		};
		B0483DF6396B974DFA9FF72B /* Resources */ = {
			isa = PBXResourcesBuildPhase;
			buildActionMask = 2147483647;
			files = (
				BD558F52C8D9188DE00EE088 /* LICENSE in Resources */,
				C719D161396A55EBA7EE6E25 /* mediaremote-adapter.pl in Resources */,
			);
			runOnlyForDeploymentPostprocessing = 0;
		};
/* End PBXResourcesBuildPhase section */

/* Begin PBXShellScriptBuildPhase section */
		BB30651420878623008A9AC8 /* ShellScript */ = {
			isa = PBXShellScriptBuildPhase;
			buildActionMask = 2147483647;
			files = (
			);
			inputPaths = (
			);
			outputPaths = (
			);
			runOnlyForDeploymentPostprocessing = 0;
			shellPath = /bin/sh;
			shellScript = "if which swiftlint >/dev/null; then\n    swiftlint\nelse\n    echo \"warning: SwiftLint not installed, download from https://github.com/realm/SwiftLint\"\nfi";
		};
/* End PBXShellScriptBuildPhase section */

/* Begin PBXSourcesBuildPhase section */
		BB4141A61E458BA800A51775 /* Sources */ = {
			isa = PBXSourcesBuildPhase;
			buildActionMask = 2147483647;
			files = (
				BB4141C01E45B67800A51775 /* KaraokeLyricsController.swift in Sources */,
				BB7EC7B21E4E018C00A0AC3F /* LyricsHUDViewController.swift in Sources */,
				BBC1D5911E4C80FC008869EC /* PreferenceDisplayViewController.swift in Sources */,
				BBB9AAE31E57EE880078F91A /* SearchLyricsViewController.swift in Sources */,
				BB1B631B1E8CD7CA004CC9E0 /* ScrollLyricsView.swift in Sources */,
				BB1B300520E87CC9002F1AF8 /* KaraokeLabel.swift in Sources */,
				BBD03C371E9B2C7200EFB975 /* DragNDropView.swift in Sources */,
				E9EBDA2521115A150019FDF9 /* Observation.swift in Sources */,
				BB1B2FFD20E8780A002F1AF8 /* CFExtension.swift in Sources */,
				BB4141AE1E458BA800A51775 /* AppDelegate.swift in Sources */,
				BB458C63201C5F4500740C3B /* LyricsMetadata+Extension.swift in Sources */,
				BBC7C5551E6AE28600E3EC4F /* PreferenceGeneralViewController.swift in Sources */,
				BBE8FC751F6BEA6200122AFA /* Then.swift in Sources */,
				BBC1D35F1E499A6D002538A2 /* Global.swift in Sources */,
				BB1B300320E878AE002F1AF8 /* StdExtension.swift in Sources */,
				BB947DFB23B4C60000C43BF2 /* SelectedPlayer.swift in Sources */,
				BB58B07F1E82901800598D4F /* AutoActivateWindowController.swift in Sources */,
				BB4919361F00CD800054EA09 /* PreferenceShortcutViewController.swift in Sources */,
				E91F76EB21211B8D00755698 /* PreferenceViewController.swift in Sources */,
				BB063B2E1E8A93C900A25C3E /* KaraokeLyricsView.swift in Sources */,
				BBC1D5801E4AE3B9008869EC /* MenuBarLyricsController.swift in Sources */,
				BB5D4B2D2094A1D700844D9F /* FontSelectTextField.swift in Sources */,
				BB9BCEBA1E843157001BC54B /* Extension.swift in Sources */,
				BBE2A79824041E36004A7E93 /* CombineExtension.swift in Sources */,
				BBC1D35B1E485BA7002538A2 /* AppController.swift in Sources */,
				BB0B296A1E7FBA2D00B1D6C9 /* PreferenceFilterViewController.swift in Sources */,
				BB89089E21ED69410078F522 /* Lyrics+Language.swift in Sources */,
				BB902F39B088B3A1F1789C7E /* LyricsTranslator.swift in Sources */,
			);
			runOnlyForDeploymentPostprocessing = 0;
		};
		5C5A11CD5FAADFE6E1555D95 /* Sources */ = {
			isa = PBXSourcesBuildPhase;
			buildActionMask = 2147483647;
			files = (
				6E57B6C02AA29CE1945B6B73 /* env.m in Sources */,
				5B730B8B55AD5F04780E51E6 /* get.m in Sources */,
				B485F2C48CC524DA771E84B9 /* globals.m in Sources */,
				BE586FFB83D1A752A19523E8 /* keys.m in Sources */,
				1B5DC2DBFD51E7CB3071A455 /* now_playing.m in Sources */,
				03FC5178463EA8796150F3CC /* repeat.m in Sources */,
				17A8B2A7E116303B592A36A6 /* seek.m in Sources */,
				A8B94F77F70A2DE5D8AE1C50 /* send.m in Sources */,
				11A9BF97B904BD687F0A60E1 /* shuffle.m in Sources */,
				58487931610B45D53CBA5F36 /* speed.m in Sources */,
				6CAE32815015D31979E3AB43 /* stream.m in Sources */,
				EC494839F1BCC1F14C970EAB /* test.m in Sources */,
				06650F0455DB7B27A76BDCA8 /* MediaRemote.m in Sources */,
				CB748C0F1EFAD42C32085135 /* Debounce.m in Sources */,
				8ADB2C2ED8F8CEB78F1A9C94 /* helpers.m in Sources */,
			);
			runOnlyForDeploymentPostprocessing = 0;
		};
/* End PBXSourcesBuildPhase section */

/* Begin PBXTargetDependency section */
		7529D933D1EDA6DEB0673830 /* PBXTargetDependency */ = {
			isa = PBXTargetDependency;
			target = E98D7EB84FFBCE6406B77EC6 /* MediaRemoteAdapter */;
			targetProxy = E371955AE31BC4B5F045800E /* PBXContainerItemProxy */;
		};
/* End PBXTargetDependency section */

/* Begin PBXVariantGroup section */
		BB4141B31E458BA900A51775 /* Main.storyboard */ = {
			isa = PBXVariantGroup;
			children = (
				BB4141B41E458BA900A51775 /* Base */,
			);
			name = Main.storyboard;
			sourceTree = "<group>";
		};
		BB6139761FCCFA6700CBD808 /* Preferences.storyboard */ = {
			isa = PBXVariantGroup;
			children = (
				BB6139751FCCFA6700CBD808 /* Base */,
			);
			name = Preferences.storyboard;
			sourceTree = "<group>";
		};
/* End PBXVariantGroup section */

/* Begin XCBuildConfiguration section */
		BB30651120878608008A9AC8 /* Debug */ = {
			isa = XCBuildConfiguration;
			buildSettings = {
			};
			name = Debug;
		};
		BB30651220878608008A9AC8 /* Release */ = {
			isa = XCBuildConfiguration;
			buildSettings = {
			};
			name = Release;
		};
		BB4141B71E458BA900A51775 /* Debug */ = {
			isa = XCBuildConfiguration;
			buildSettings = {
				CLANG_ANALYZER_LOCALIZABILITY_NONLOCALIZED = YES;
				CLANG_ANALYZER_NONNULL = YES;
				CLANG_CXX_LANGUAGE_STANDARD = "gnu++14";
				CLANG_CXX_LIBRARY = "libc++";
				CLANG_ENABLE_MODULES = YES;
				CLANG_ENABLE_OBJC_ARC = YES;
				CLANG_WARN_BLOCK_CAPTURE_AUTORELEASING = YES;
				CLANG_WARN_BOOL_CONVERSION = YES;
				CLANG_WARN_COMMA = YES;
				CLANG_WARN_CONSTANT_CONVERSION = YES;
				CLANG_WARN_DEPRECATED_OBJC_IMPLEMENTATIONS = YES;
				CLANG_WARN_DIRECT_OBJC_ISA_USAGE = YES_ERROR;
				CLANG_WARN_DOCUMENTATION_COMMENTS = YES;
				CLANG_WARN_EMPTY_BODY = YES;
				CLANG_WARN_ENUM_CONVERSION = YES;
				CLANG_WARN_INFINITE_RECURSION = YES;
				CLANG_WARN_INT_CONVERSION = YES;
				CLANG_WARN_NON_LITERAL_NULL_CONVERSION = YES;
				CLANG_WARN_OBJC_IMPLICIT_RETAIN_SELF = YES;
				CLANG_WARN_OBJC_LITERAL_CONVERSION = YES;
				CLANG_WARN_OBJC_ROOT_CLASS = YES_ERROR;
				CLANG_WARN_QUOTED_INCLUDE_IN_FRAMEWORK_HEADER = YES;
				CLANG_WARN_RANGE_LOOP_ANALYSIS = YES;
				CLANG_WARN_STRICT_PROTOTYPES = YES;
				CLANG_WARN_SUSPICIOUS_MOVE = YES;
				CLANG_WARN_UNREACHABLE_CODE = YES;
				CLANG_WARN__DUPLICATE_METHOD_MATCH = YES;
				COMBINE_HIDPI_IMAGES = YES;
				COPY_PHASE_STRIP = NO;
				DEBUG_INFORMATION_FORMAT = dwarf;
				ENABLE_STRICT_OBJC_MSGSEND = YES;
				ENABLE_TESTABILITY = YES;
				GCC_C_LANGUAGE_STANDARD = gnu11;
				GCC_DYNAMIC_NO_PIC = NO;
				GCC_NO_COMMON_BLOCKS = YES;
				GCC_OPTIMIZATION_LEVEL = 0;
				GCC_PREPROCESSOR_DEFINITIONS = (
					"DEBUG=1",
					"$(inherited)",
				);
				GCC_WARN_64_TO_32_BIT_CONVERSION = YES;
				GCC_WARN_ABOUT_RETURN_TYPE = YES_ERROR;
				GCC_WARN_UNDECLARED_SELECTOR = YES;
				GCC_WARN_UNINITIALIZED_AUTOS = YES_AGGRESSIVE;
				GCC_WARN_UNUSED_FUNCTION = YES;
				GCC_WARN_UNUSED_VARIABLE = YES;
				MACOSX_DEPLOYMENT_TARGET = 26.0;
				MTL_ENABLE_DEBUG_INFO = YES;
				ONLY_ACTIVE_ARCH = YES;
				OTHER_SWIFT_FLAGS = "-DDEBUG";
				PRODUCT_NAME = "$(TARGET_NAME)";
				SDKROOT = macosx;
				SWIFT_ACTIVE_COMPILATION_CONDITIONS = "";
				SWIFT_APPROACHABLE_CONCURRENCY = YES;
				SWIFT_DEFAULT_ACTOR_ISOLATION = MainActor;
				SWIFT_OPTIMIZATION_LEVEL = "-Onone";
				SWIFT_VERSION = 6.0;
			};
			name = Debug;
		};
		BB4141B81E458BA900A51775 /* Release */ = {
			isa = XCBuildConfiguration;
			buildSettings = {
				CLANG_ANALYZER_LOCALIZABILITY_NONLOCALIZED = YES;
				CLANG_ANALYZER_NONNULL = YES;
				CLANG_CXX_LANGUAGE_STANDARD = "gnu++14";
				CLANG_CXX_LIBRARY = "libc++";
				CLANG_ENABLE_MODULES = YES;
				CLANG_ENABLE_OBJC_ARC = YES;
				CLANG_WARN_BLOCK_CAPTURE_AUTORELEASING = YES;
				CLANG_WARN_BOOL_CONVERSION = YES;
				CLANG_WARN_COMMA = YES;
				CLANG_WARN_CONSTANT_CONVERSION = YES;
				CLANG_WARN_DEPRECATED_OBJC_IMPLEMENTATIONS = YES;
				CLANG_WARN_DIRECT_OBJC_ISA_USAGE = YES_ERROR;
				CLANG_WARN_DOCUMENTATION_COMMENTS = YES;
				CLANG_WARN_EMPTY_BODY = YES;
				CLANG_WARN_ENUM_CONVERSION = YES;
				CLANG_WARN_INFINITE_RECURSION = YES;
				CLANG_WARN_INT_CONVERSION = YES;
				CLANG_WARN_NON_LITERAL_NULL_CONVERSION = YES;
				CLANG_WARN_OBJC_IMPLICIT_RETAIN_SELF = YES;
				CLANG_WARN_OBJC_LITERAL_CONVERSION = YES;
				CLANG_WARN_OBJC_ROOT_CLASS = YES_ERROR;
				CLANG_WARN_QUOTED_INCLUDE_IN_FRAMEWORK_HEADER = YES;
				CLANG_WARN_RANGE_LOOP_ANALYSIS = YES;
				CLANG_WARN_STRICT_PROTOTYPES = YES;
				CLANG_WARN_SUSPICIOUS_MOVE = YES;
				CLANG_WARN_UNREACHABLE_CODE = YES;
				CLANG_WARN__DUPLICATE_METHOD_MATCH = YES;
				COMBINE_HIDPI_IMAGES = YES;
				COPY_PHASE_STRIP = NO;
				DEBUG_INFORMATION_FORMAT = "dwarf-with-dsym";
				ENABLE_NS_ASSERTIONS = NO;
				ENABLE_STRICT_OBJC_MSGSEND = YES;
				GCC_C_LANGUAGE_STANDARD = gnu11;
				GCC_NO_COMMON_BLOCKS = YES;
				GCC_WARN_64_TO_32_BIT_CONVERSION = YES;
				GCC_WARN_ABOUT_RETURN_TYPE = YES_ERROR;
				GCC_WARN_UNDECLARED_SELECTOR = YES;
				GCC_WARN_UNINITIALIZED_AUTOS = YES_AGGRESSIVE;
				GCC_WARN_UNUSED_FUNCTION = YES;
				GCC_WARN_UNUSED_VARIABLE = YES;
				MACOSX_DEPLOYMENT_TARGET = 26.0;
				MTL_ENABLE_DEBUG_INFO = NO;
				OTHER_SWIFT_FLAGS = "-DRELEASE";
				PRODUCT_NAME = "$(TARGET_NAME)";
				SDKROOT = macosx;
				SWIFT_APPROACHABLE_CONCURRENCY = YES;
				SWIFT_COMPILATION_MODE = wholemodule;
				SWIFT_DEFAULT_ACTOR_ISOLATION = MainActor;
				SWIFT_OPTIMIZATION_LEVEL = "-O";
				SWIFT_VERSION = 6.0;
			};
			name = Release;
		};
		BB4141BA1E458BA900A51775 /* Debug */ = {
			isa = XCBuildConfiguration;
			buildSettings = {
				ASSETCATALOG_COMPILER_APPICON_NAME = AppIcon;
				CODE_SIGN_ENTITLEMENTS = "LyricsX/Supporting Files/LyricsX.entitlements";
				CODE_SIGN_IDENTITY = "-";
				CODE_SIGN_STYLE = Manual;
				DEVELOPMENT_TEAM = "";
				ENABLE_HARDENED_RUNTIME = NO;
				FRAMEWORK_SEARCH_PATHS = (
					"$(inherited)",
					"$(PROJECT_DIR)",
				);
				INFOPLIST_FILE = "LyricsX/Supporting Files/Info.plist";
				LD_RUNPATH_SEARCH_PATHS = (
					"$(inherited)",
					"@executable_path/../Frameworks",
				);
				PRODUCT_BUNDLE_IDENTIFIER = dev.xandao.LyricsX;
				PROVISIONING_PROFILE_SPECIFIER = "";
			};
			name = Debug;
		};
		BB4141BB1E458BA900A51775 /* Release */ = {
			isa = XCBuildConfiguration;
			buildSettings = {
				ASSETCATALOG_COMPILER_APPICON_NAME = AppIcon;
				CODE_SIGN_ENTITLEMENTS = "LyricsX/Supporting Files/LyricsX.entitlements";
				CODE_SIGN_IDENTITY = "-";
				CODE_SIGN_STYLE = Manual;
				DEVELOPMENT_TEAM = "";
				ENABLE_HARDENED_RUNTIME = NO;
				FRAMEWORK_SEARCH_PATHS = (
					"$(inherited)",
					"$(PROJECT_DIR)",
				);
				INFOPLIST_FILE = "LyricsX/Supporting Files/Info.plist";
				LD_RUNPATH_SEARCH_PATHS = (
					"$(inherited)",
					"@executable_path/../Frameworks",
				);
				PRODUCT_BUNDLE_IDENTIFIER = dev.xandao.LyricsX;
				PROVISIONING_PROFILE_SPECIFIER = "";
			};
			name = Release;
		};
		5F76E03FBA048AC79DD81D2A /* Debug */ = {
			isa = XCBuildConfiguration;
			buildSettings = {
				CODE_SIGN_IDENTITY = "-";
				GENERATE_INFOPLIST_FILE = YES;
				HEADER_SEARCH_PATHS = (
					"$(SRCROOT)/MediaRemoteAdapter",
					"$(SRCROOT)/MediaRemoteAdapter/include",
				);
				PRODUCT_BUNDLE_IDENTIFIER = com.vandenbe.MediaRemoteAdapter;
				SKIP_INSTALL = YES;
			};
			name = Debug;
		};
		493A48DB120D5D3E6BB9CCF7 /* Release */ = {
			isa = XCBuildConfiguration;
			buildSettings = {
				CODE_SIGN_IDENTITY = "-";
				GENERATE_INFOPLIST_FILE = YES;
				HEADER_SEARCH_PATHS = (
					"$(SRCROOT)/MediaRemoteAdapter",
					"$(SRCROOT)/MediaRemoteAdapter/include",
				);
				PRODUCT_BUNDLE_IDENTIFIER = com.vandenbe.MediaRemoteAdapter;
				SKIP_INSTALL = YES;
			};
			name = Release;
		};
/* End XCBuildConfiguration section */

/* Begin XCConfigurationList section */
		BB30651320878608008A9AC8 /* Build configuration list for PBXAggregateTarget "SwiftLint" */ = {
			isa = XCConfigurationList;
			buildConfigurations = (
				BB30651120878608008A9AC8 /* Debug */,
				BB30651220878608008A9AC8 /* Release */,
			);
			defaultConfigurationIsVisible = 0;
			defaultConfigurationName = Release;
		};
		BB4141A51E458BA800A51775 /* Build configuration list for PBXProject "LyricsX" */ = {
			isa = XCConfigurationList;
			buildConfigurations = (
				BB4141B71E458BA900A51775 /* Debug */,
				BB4141B81E458BA900A51775 /* Release */,
			);
			defaultConfigurationIsVisible = 0;
			defaultConfigurationName = Release;
		};
		BB4141B91E458BA900A51775 /* Build configuration list for PBXNativeTarget "LyricsX" */ = {
			isa = XCConfigurationList;
			buildConfigurations = (
				BB4141BA1E458BA900A51775 /* Debug */,
				BB4141BB1E458BA900A51775 /* Release */,
			);
			defaultConfigurationIsVisible = 0;
			defaultConfigurationName = Release;
		};
		9B502946567ADD724897F498 /* Build configuration list for PBXNativeTarget "MediaRemoteAdapter" */ = {
			isa = XCConfigurationList;
			buildConfigurations = (
				5F76E03FBA048AC79DD81D2A /* Debug */,
				493A48DB120D5D3E6BB9CCF7 /* Release */,
			);
			defaultConfigurationIsVisible = 0;
			defaultConfigurationName = Release;
		};
/* End XCConfigurationList section */

/* Begin XCLocalSwiftPackageReference section */
		BB9C3D8123435A5700860698 /* XCLocalSwiftPackageReference "MusicPlayer" */ = {
			isa = XCLocalSwiftPackageReference;
			relativePath = MusicPlayer;
		};
		BBB03F3B2331DACD00A3879E /* XCLocalSwiftPackageReference "LyricsKit" */ = {
			isa = XCLocalSwiftPackageReference;
			relativePath = LyricsKit;
		};
/* End XCLocalSwiftPackageReference section */

/* Begin XCRemoteSwiftPackageReference section */
		BB22681A234C9085008FAFED /* XCRemoteSwiftPackageReference "SwiftCF" */ = {
			isa = XCRemoteSwiftPackageReference;
			repositoryURL = "https://github.com/ddddxxx/SwiftCF";
			requirement = {
				kind = upToNextMinorVersion;
				minimumVersion = 0.2.1;
			};
		};
		BB911C68EDE2BC816E3F9579 /* XCRemoteSwiftPackageReference "MASShortcut" */ = {
			isa = XCRemoteSwiftPackageReference;
			repositoryURL = "https://github.com/shpakovski/MASShortcut";
			requirement = {
				kind = revision;
				revision = 6f2603c6b6cc18f64a799e5d2c9d3bbc467c413a;
			};
		};
		BBB03F2B232FB3AF00A3879E /* XCRemoteSwiftPackageReference "GenericID" */ = {
			isa = XCRemoteSwiftPackageReference;
			repositoryURL = "https://github.com/ddddxxx/GenericID";
			requirement = {
				kind = upToNextMinorVersion;
				minimumVersion = 0.7.0;
			};
		};
/* End XCRemoteSwiftPackageReference section */

/* Begin XCSwiftPackageProductDependency section */
		BB22681B234C9085008FAFED /* SwiftCF */ = {
			isa = XCSwiftPackageProductDependency;
			package = BB22681A234C9085008FAFED /* XCRemoteSwiftPackageReference "SwiftCF" */;
			productName = SwiftCF;
		};
		BB9C3D8223435A5700860698 /* MusicPlayer */ = {
			isa = XCSwiftPackageProductDependency;
			package = BB9C3D8123435A5700860698 /* XCLocalSwiftPackageReference "MusicPlayer" */;
			productName = MusicPlayer;
		};
		BBB03F2C232FB3AF00A3879E /* GenericID */ = {
			isa = XCSwiftPackageProductDependency;
			package = BBB03F2B232FB3AF00A3879E /* XCRemoteSwiftPackageReference "GenericID" */;
			productName = GenericID;
		};
		BBB03F3C2331DACD00A3879E /* LyricsKit */ = {
			isa = XCSwiftPackageProductDependency;
			package = BBB03F3B2331DACD00A3879E /* XCLocalSwiftPackageReference "LyricsKit" */;
			productName = LyricsKit;
		};
		BBF4ED4FCE3071A3AD7C22FA /* MASShortcut */ = {
			isa = XCSwiftPackageProductDependency;
			package = BB911C68EDE2BC816E3F9579 /* XCRemoteSwiftPackageReference "MASShortcut" */;
			productName = MASShortcut;
		};
/* End XCSwiftPackageProductDependency section */
	};
	rootObject = BB4141A21E458BA800A51775 /* Project object */;
}
